
Microsoft Visual Studio Solution File, Format Version 12.00
# Visual Studio Version 16
VisualStudioVersion = 16.0.29728.190
MinimumVisualStudioVersion = 10.0.40219.1
Project("{FAE04EC0-301F-11D3-BF4B-00C04F79EFBC}") = "Practica2", "Practica2.csproj", "{F2059DC0-E0DF-452E-8B35-E9B0D0744FC1}"
EndProject
Global
	GlobalSection(SolutionConfigurationPlatforms) = preSolution
		Debug|Any CPU = Debug|Any CPU
		Release|Any CPU = Release|Any CPU
	EndGlobalSection
	GlobalSection(ProjectConfigurationPlatforms) = postSolution
		{F2059DC0-E0DF-452E-8B35-E9B0D0744FC1}.Debug|Any CPU.ActiveCfg = Debug|Any CPU
		{F2059DC0-E0DF-452E-8B35-E9B0D0744FC1}.Debug|Any CPU.Build.0 = Debug|Any CPU
		{F2059DC0-E0DF-452E-8B35-E9B0D0744FC1}.Release|Any CPU.ActiveCfg = Release|Any CPU
		{F2059DC0-E0DF-452E-8B35-E9B0D0744FC1}.Release|Any CPU.Build.0 = Release|Any CPU
	EndGlobalSection
	GlobalSection(SolutionProperties) = preSolution
		HideSolutionNode = FALSE
	EndGlobalSection
	GlobalSection(ExtensibilityGlobals) = postSolution
		SolutionGuid = {2F1E57D9-F6BA-419F-8790-4EF8B90F50CD}
	EndGlobalSection
EndGlobal
